
Microsoft Visual Studio Solution File, Format Version 12.00
# Visual Studio Version 17
VisualStudioVersion = 17.5.33627.172
MinimumVisualStudioVersion = 10.0.40219.1
Project("{FAE04EC0-301F-11D3-BF4B-00C04F79EFBC}") = "MeuBancoDeDados", "MeuBancoDeDados\MeuBancoDeDados.csproj", "{891010A9-2CCB-4885-A0B9-68604AF36698}"
EndProject
Global
	GlobalSection(SolutionConfigurationPlatforms) = preSolution
		Debug|Any CPU = Debug|Any CPU
		Release|Any CPU = Release|Any CPU
	EndGlobalSection
	GlobalSection(ProjectConfigurationPlatforms) = postSolution
		{891010A9-2CCB-4885-A0B9-68604AF36698}.Debug|Any CPU.ActiveCfg = Debug|Any CPU
		{891010A9-2CCB-4885-A0B9-68604AF36698}.Debug|Any CPU.Build.0 = Debug|Any CPU
		{891010A9-2CCB-4885-A0B9-68604AF36698}.Release|Any CPU.ActiveCfg = Release|Any CPU
		{891010A9-2CCB-4885-A0B9-68604AF36698}.Release|Any CPU.Build.0 = Release|Any CPU
	EndGlobalSection
	GlobalSection(SolutionProperties) = preSolution
		HideSolutionNode = FALSE
	EndGlobalSection
	GlobalSection(ExtensibilityGlobals) = postSolution
		SolutionGuid = {01CA7A14-CBDC-4EFA-9116-2E86C1FD369E}
	EndGlobalSection
EndGlobal
